
Microsoft Visual Studio Solution File, Format Version 12.00
# Visual Studio Version 16
VisualStudioVersion = 16.0.30717.126
MinimumVisualStudioVersion = 10.0.40219.1
Project("{FAE04EC0-301F-11D3-BF4B-00C04F79EFBC}") = "Spice", "Spice\Spice.csproj", "{E7FD7E0F-CE86-41DD-B66D-56C9B7623863}"
EndProject
Global
	GlobalSection(SolutionConfigurationPlatforms) = preSolution
		Debug|Any CPU = Debug|Any CPU
		Release|Any CPU = Release|Any CPU
	EndGlobalSection
	GlobalSection(ProjectConfigurationPlatforms) = postSolution
		{E7FD7E0F-CE86-41DD-B66D-56C9B7623863}.Debug|Any CPU.ActiveCfg = Debug|Any CPU
		{E7FD7E0F-CE86-41DD-B66D-56C9B7623863}.Debug|Any CPU.Build.0 = Debug|Any CPU
		{E7FD7E0F-CE86-41DD-B66D-56C9B7623863}.Release|Any CPU.ActiveCfg = Release|Any CPU
		{E7FD7E0F-CE86-41DD-B66D-56C9B7623863}.Release|Any CPU.Build.0 = Release|Any CPU
	EndGlobalSection
	GlobalSection(SolutionProperties) = preSolution
		HideSolutionNode = FALSE
	EndGlobalSection
	GlobalSection(ExtensibilityGlobals) = postSolution
		SolutionGuid = {138D2BF2-E776-4E90-B192-486C9E784BFE}
	EndGlobalSection
EndGlobal
